
Microsoft Visual Studio Solution File, Format Version 12.00
# Visual Studio 2013
VisualStudioVersion = 12.0.21005.1
MinimumVisualStudioVersion = 10.0.40219.1
Project("{FAE04EC0-301F-11D3-BF4B-00C04F79EFBC}") = "01.BiggerNumber", "01.BiggerNumber\01.BiggerNumber.csproj", "{64E80081-5625-41D1-BD7C-E241F2FAABCF}"
EndProject
Project("{FAE04EC0-301F-11D3-BF4B-00C04F79EFBC}") = "02.LastDigitOfNumber", "02.LastDigitOfNumber\02.LastDigitOfNumber.csproj", "{2AD0FD62-B811-4635-A5F4-06AAC7E25F2C}"
EndProject
Project("{FAE04EC0-301F-11D3-BF4B-00C04F79EFBC}") = "03.LargerThanNeighbours", "03.LargerThanNeighbours\03.LargerThanNeighbours.csproj", "{9EAC0F5B-9C0C-4DE5-B12D-1A4A3CBC1C84}"
EndProject
Project("{FAE04EC0-301F-11D3-BF4B-00C04F79EFBC}") = "04.FirstLargerThanNeighbours", "04.FirstLargerThanNeighbours\04.FirstLargerThanNeighbours.csproj", "{EE75E607-D79E-4380-84AF-F4F792ED32E7}"
EndProject
Project("{FAE04EC0-301F-11D3-BF4B-00C04F79EFBC}") = "05.ReverseNumber", "05.ReverseNumber\05.ReverseNumber.csproj", "{952F9AA6-E335-4786-B723-80E562A6EAF2}"
EndProject
Project("{FAE04EC0-301F-11D3-BF4B-00C04F79EFBC}") = "06.NumberCalculations", "06.NumberCalculations\06.NumberCalculations.csproj", "{543A1443-1974-42DD-A759-06F201A4F800}"
EndProject
Project("{FAE04EC0-301F-11D3-BF4B-00C04F79EFBC}") = "07.GenericArraySort", "07.GenericArraySort\07.GenericArraySort.csproj", "{80BE53A6-3A1E-42DB-A3C3-44F73B5637F4}"
EndProject
Global
	GlobalSection(SolutionConfigurationPlatforms) = preSolution
		Debug|Any CPU = Debug|Any CPU
		Release|Any CPU = Release|Any CPU
	EndGlobalSection
	GlobalSection(ProjectConfigurationPlatforms) = postSolution
		{64E80081-5625-41D1-BD7C-E241F2FAABCF}.Debug|Any CPU.ActiveCfg = Debug|Any CPU
		{64E80081-5625-41D1-BD7C-E241F2FAABCF}.Debug|Any CPU.Build.0 = Debug|Any CPU
		{64E80081-5625-41D1-BD7C-E241F2FAABCF}.Release|Any CPU.ActiveCfg = Release|Any CPU
		{64E80081-5625-41D1-BD7C-E241F2FAABCF}.Release|Any CPU.Build.0 = Release|Any CPU
		{2AD0FD62-B811-4635-A5F4-06AAC7E25F2C}.Debug|Any CPU.ActiveCfg = Debug|Any CPU
		{2AD0FD62-B811-4635-A5F4-06AAC7E25F2C}.Debug|Any CPU.Build.0 = Debug|Any CPU
		{2AD0FD62-B811-4635-A5F4-06AAC7E25F2C}.Release|Any CPU.ActiveCfg = Release|Any CPU
		{2AD0FD62-B811-4635-A5F4-06AAC7E25F2C}.Release|Any CPU.Build.0 = Release|Any CPU
		{9EAC0F5B-9C0C-4DE5-B12D-1A4A3CBC1C84}.Debug|Any CPU.ActiveCfg = Debug|Any CPU
		{9EAC0F5B-9C0C-4DE5-B12D-1A4A3CBC1C84}.Debug|Any CPU.Build.0 = Debug|Any CPU
		{9EAC0F5B-9C0C-4DE5-B12D-1A4A3CBC1C84}.Release|Any CPU.ActiveCfg = Release|Any CPU
		{9EAC0F5B-9C0C-4DE5-B12D-1A4A3CBC1C84}.Release|Any CPU.Build.0 = Release|Any CPU
		{EE75E607-D79E-4380-84AF-F4F792ED32E7}.Debug|Any CPU.ActiveCfg = Debug|Any CPU
		{EE75E607-D79E-4380-84AF-F4F792ED32E7}.Debug|Any CPU.Build.0 = Debug|Any CPU
		{EE75E607-D79E-4380-84AF-F4F792ED32E7}.Release|Any CPU.ActiveCfg = Release|Any CPU
		{EE75E607-D79E-4380-84AF-F4F792ED32E7}.Release|Any CPU.Build.0 = Release|Any CPU
		{952F9AA6-E335-4786-B723-80E562A6EAF2}.Debug|Any CPU.ActiveCfg = Debug|Any CPU
		{952F9AA6-E335-4786-B723-80E562A6EAF2}.Debug|Any CPU.Build.0 = Debug|Any CPU
		{952F9AA6-E335-4786-B723-80E562A6EAF2}.Release|Any CPU.ActiveCfg = Release|Any CPU
		{952F9AA6-E335-4786-B723-80E562A6EAF2}.Release|Any CPU.Build.0 = Release|Any CPU
		{543A1443-1974-42DD-A759-06F201A4F800}.Debug|Any CPU.ActiveCfg = Debug|Any CPU
		{543A1443-1974-42DD-A759-06F201A4F800}.Debug|Any CPU.Build.0 = Debug|Any CPU
		{543A1443-1974-42DD-A759-06F201A4F800}.Release|Any CPU.ActiveCfg = Release|Any CPU
		{543A1443-1974-42DD-A759-06F201A4F800}.Release|Any CPU.Build.0 = Release|Any CPU
		{80BE53A6-3A1E-42DB-A3C3-44F73B5637F4}.Debug|Any CPU.ActiveCfg = Debug|Any CPU
		{80BE53A6-3A1E-42DB-A3C3-44F73B5637F4}.Debug|Any CPU.Build.0 = Debug|Any CPU
		{80BE53A6-3A1E-42DB-A3C3-44F73B5637F4}.Release|Any CPU.ActiveCfg = Release|Any CPU
		{80BE53A6-3A1E-42DB-A3C3-44F73B5637F4}.Release|Any CPU.Build.0 = Release|Any CPU
	EndGlobalSection
	GlobalSection(SolutionProperties) = preSolution
		HideSolutionNode = FALSE
	EndGlobalSection
EndGlobal
